<?xml version="1.0" encoding="UTF-8"?>
<Scheme
   LastUpgradeVersion = "2630"
   version = "1.7">
   <BuildAction
      parallelizeBuildables = "YES"
      buildImplicitDependencies = "YES"
      runPostActionsOnFailure = "NO">
      <BuildActionEntries>
         <BuildActionEntry
            buildForTesting = "YES"
            buildForRunning = "YES"
            buildForProfiling = "YES"
            buildForArchiving = "YES"
            buildForAnalyzing = "YES">
            <BuildableReference
               BuildableIdentifier = "primary"
               BlueprintIdentifier = "2107A5551CF8DB8F83EDB78F"
               BuildableName = "MacUtilsApp.app"
               BlueprintName = "MacUtilsApp"
               ReferencedContainer = "container:MacUtils.xcodeproj">
            </BuildableReference>
         </BuildActionEntry>
         <BuildActionEntry
            buildForTesting = "YES"
            buildForRunning = "NO"
            buildForProfiling = "NO"
            buildForArchiving = "NO"
            buildForAnalyzing = "NO">
            <BuildableReference
               BuildableIdentifier = "primary"
               BlueprintIdentifier = "21E91A6BBA459868C19F1746"
               BuildableName = "MacUtilsAppTests.xctest"
               BlueprintName = "MacUtilsAppTests"
               ReferencedContainer = "container:MacUtils.xcodeproj">
            </BuildableReference>
         </BuildActionEntry>
         <BuildActionEntry
            buildForTesting = "YES"
            buildForRunning = "NO"
            buildForProfiling = "NO"
            buildForArchiving = "NO"
            buildForAnalyzing = "NO">
            <BuildableReference
               BuildableIdentifier = "primary"
               BlueprintIdentifier = "14EEA83BF65754A12B7CEEF6"
               BuildableName = "MacUtilsCoreTests.xctest"
               BlueprintName = "MacUtilsCoreTests"
               ReferencedContainer = "container:MacUtils.xcodeproj">
            </BuildableReference>
         </BuildActionEntry>
         <BuildActionEntry
            buildForTesting = "YES"
            buildForRunning = "NO"
            buildForProfiling = "NO"
            buildForArchiving = "NO"
            buildForAnalyzing = "NO">
            <BuildableReference
               BuildableIdentifier = "primary"
               BlueprintIdentifier = "D878F3EEB18A56F02DBC19E8"
               BuildableName = "MacUtilsSystemTests.xctest"
               BlueprintName = "MacUtilsSystemTests"
               ReferencedContainer = "container:MacUtils.xcodeproj">
            </BuildableReference>
         </BuildActionEntry>
      </BuildActionEntries>
   </BuildAction>
   <TestAction
      buildConfiguration = "Debug"
      selectedDebuggerIdentifier = "Xcode.DebuggerFoundation.Debugger.LLDB"
      selectedLauncherIdentifier = "Xcode.DebuggerFoundation.Launcher.LLDB"
      shouldUseLaunchSchemeArgsEnv = "YES"
      codeCoverageEnabled = "YES"
      onlyGenerateCoverageForSpecifiedTargets = "NO">
      <MacroExpansion>
         <BuildableReference
            BuildableIdentifier = "primary"
            BlueprintIdentifier = "2107A5551CF8DB8F83EDB78F"
            BuildableName = "MacUtilsApp.app"
            BlueprintName = "MacUtilsApp"
            ReferencedContainer = "container:MacUtils.xcodeproj">
         </BuildableReference>
      </MacroExpansion>
      <Testables>
         <TestableReference
            skipped = "NO"
            parallelizable = "NO">
            <BuildableReference
               BuildableIdentifier = "primary"
               BlueprintIdentifier = "14EEA83BF65754A12B7CEEF6"
               BuildableName = "MacUtilsCoreTests.xctest"
               BlueprintName = "MacUtilsCoreTests"
               ReferencedContainer = "container:MacUtils.xcodeproj">
            </BuildableReference>
         </TestableReference>
         <TestableReference
            skipped = "NO"
            parallelizable = "NO">
            <BuildableReference
               BuildableIdentifier = "primary"
               BlueprintIdentifier = "D878F3EEB18A56F02DBC19E8"
               BuildableName = "MacUtilsSystemTests.xctest"
               BlueprintName = "MacUtilsSystemTests"
               ReferencedContainer = "container:MacUtils.xcodeproj">
            </BuildableReference>
         </TestableReference>
         <TestableReference
            skipped = "NO"
            parallelizable = "NO">
            <BuildableReference
               BuildableIdentifier = "primary"
               BlueprintIdentifier = "21E91A6BBA459868C19F1746"
               BuildableName = "MacUtilsAppTests.xctest"
               BlueprintName = "MacUtilsAppTests"
               ReferencedContainer = "container:MacUtils.xcodeproj">
            </BuildableReference>
         </TestableReference>
      </Testables>
      <CommandLineArguments>
      </CommandLineArguments>
   </TestAction>
   <LaunchAction
      buildConfiguration = "Debug"
      selectedDebuggerIdentifier = "Xcode.DebuggerFoundation.Debugger.LLDB"
      selectedLauncherIdentifier = "Xcode.DebuggerFoundation.Launcher.LLDB"
      launchStyle = "0"
      useCustomWorkingDirectory = "NO"
      ignoresPersistentStateOnLaunch = "NO"
      debugDocumentVersioning = "YES"
      debugServiceExtension = "internal"
      allowLocationSimulation = "YES">
      <BuildableProductRunnable
         runnableDebuggingMode = "0">
         <BuildableReference
            BuildableIdentifier = "primary"
            BlueprintIdentifier = "2107A5551CF8DB8F83EDB78F"
            BuildableName = "MacUtilsApp.app"
            BlueprintName = "MacUtilsApp"
            ReferencedContainer = "container:MacUtils.xcodeproj">
         </BuildableReference>
      </BuildableProductRunnable>
      <CommandLineArguments>
      </CommandLineArguments>
   </LaunchAction>
   <ProfileAction
      buildConfiguration = "Release-Direct"
      shouldUseLaunchSchemeArgsEnv = "YES"
      savedToolIdentifier = ""
      useCustomWorkingDirectory = "NO"
      debugDocumentVersioning = "YES">
      <BuildableProductRunnable
         runnableDebuggingMode = "0">
         <BuildableReference
            BuildableIdentifier = "primary"
            BlueprintIdentifier = "2107A5551CF8DB8F83EDB78F"
            BuildableName = "MacUtilsApp.app"
            BlueprintName = "MacUtilsApp"
            ReferencedContainer = "container:MacUtils.xcodeproj">
         </BuildableReference>
      </BuildableProductRunnable>
      <CommandLineArguments>
      </CommandLineArguments>
   </ProfileAction>
   <AnalyzeAction
      buildConfiguration = "Debug">
   </AnalyzeAction>
   <ArchiveAction
      buildConfiguration = "Release-Direct"
      revealArchiveInOrganizer = "YES">
   </ArchiveAction>
</Scheme>
